// !$*UTF8*$!
{
	archiveVersion = 1;
	classes = {
	};
	objectVersion = 46;
	objects = {

/* Begin PBXBuildFile section */
		2F870D5C1F0E3C8B00CE601A /* AppDelegate.m in Sources */ = {isa = PBXBuildFile; fileRef = 2F870D5B1F0E3C8B00CE601A /* AppDelegate.m */; };
		2F870D5F1F0E3C8B00CE601A /* main.m in Sources */ = {isa = PBXBuildFile; fileRef = 2F870D5E1F0E3C8B00CE601A /* main.m */; };
		2F870D621F0E3C8B00CE601A /* ViewController.m in Sources */ = {isa = PBXBuildFile; fileRef = 2F870D611F0E3C8B00CE601A /* ViewController.m */; };
		2F870D641F0E3C8B00CE601A /* Assets.xcassets in Resources */ = {isa = PBXBuildFile; fileRef = 2F870D631F0E3C8B00CE601A /* Assets.xcassets */; };
		2F870D671F0E3C8B00CE601A /* Main.storyboard in Resources */ = {isa = PBXBuildFile; fileRef = 2F870D651F0E3C8B00CE601A /* Main.storyboard */; };
		2F870D701F0E3EA300CE601A /* NSCustomTouchBarItem+BRConvenience.m in Sources */ = {isa = PBXBuildFile; fileRef = 2F870D6F1F0E3EA300CE601A /* NSCustomTouchBarItem+BRConvenience.m */; };
		2F870D741F0E40E800CE601A /* Code Snippet.codesnippet in Resources */ = {isa = PBXBuildFile; fileRef = 2F870D731F0E40E800CE601A /* Code Snippet.codesnippet */; };
/* End PBXBuildFile section */

/* Begin PBXFileReference section */
		2F870D571F0E3C8B00CE601A /* NSTouchBar Playground.app */ = {isa = PBXFileReference; explicitFileType = wrapper.application; includeInIndex = 0; path = "NSTouchBar Playground.app"; sourceTree = BUILT_PRODUCTS_DIR; };
		2F870D5A1F0E3C8B00CE601A /* AppDelegate.h */ = {isa = PBXFileReference; lastKnownFileType = sourcecode.c.h; path = AppDelegate.h; sourceTree = "<group>"; };
		2F870D5B1F0E3C8B00CE601A /* AppDelegate.m */ = {isa = PBXFileReference; lastKnownFileType = sourcecode.c.objc; path = AppDelegate.m; sourceTree = "<group>"; };
		2F870D5E1F0E3C8B00CE601A /* main.m */ = {isa = PBXFileReference; lastKnownFileType = sourcecode.c.objc; path = main.m; sourceTree = "<group>"; };
		2F870D601F0E3C8B00CE601A /* ViewController.h */ = {isa = PBXFileReference; lastKnownFileType = sourcecode.c.h; path = ViewController.h; sourceTree = "<group>"; };
		2F870D611F0E3C8B00CE601A /* ViewController.m */ = {isa = PBXFileReference; lastKnownFileType = sourcecode.c.objc; path = ViewController.m; sourceTree = "<group>"; };
		2F870D631F0E3C8B00CE601A /* Assets.xcassets */ = {isa = PBXFileReference; lastKnownFileType = folder.assetcatalog; path = Assets.xcassets; sourceTree = "<group>"; };
		2F870D661F0E3C8B00CE601A /* Base */ = {isa = PBXFileReference; lastKnownFileType = file.storyboard; name = Base; path = Base.lproj/Main.storyboard; sourceTree = "<group>"; };
		2F870D681F0E3C8B00CE601A /* Info.plist */ = {isa = PBXFileReference; lastKnownFileType = text.plist.xml; path = Info.plist; sourceTree = "<group>"; };
		2F870D6E1F0E3EA300CE601A /* NSCustomTouchBarItem+BRConvenience.h */ = {isa = PBXFileReference; fileEncoding = 4; lastKnownFileType = sourcecode.c.h; path = "NSCustomTouchBarItem+BRConvenience.h"; sourceTree = "<group>"; };
		2F870D6F1F0E3EA300CE601A /* NSCustomTouchBarItem+BRConvenience.m */ = {isa = PBXFileReference; fileEncoding = 4; lastKnownFileType = sourcecode.c.objc; path = "NSCustomTouchBarItem+BRConvenience.m"; sourceTree = "<group>"; };
		2F870D731F0E40E800CE601A /* Code Snippet.codesnippet */ = {isa = PBXFileReference; fileEncoding = 4; lastKnownFileType = text.xml; path = "Code Snippet.codesnippet"; sourceTree = "<group>"; };
		2F99A25E1F160D19000C1E2D /* NSTouchBar+BRPrivate.h */ = {isa = PBXFileReference; fileEncoding = 4; lastKnownFileType = sourcecode.c.h; path = "NSTouchBar+BRPrivate.h"; sourceTree = "<group>"; };
/* End PBXFileReference section */

/* Begin PBXFrameworksBuildPhase section */
		2F870D541F0E3C8B00CE601A /* Frameworks */ = {
			isa = PBXFrameworksBuildPhase;
			buildActionMask = 2147483647;
			files = (
			);
			runOnlyForDeploymentPostprocessing = 0;
		};
/* End PBXFrameworksBuildPhase section */

/* Begin PBXGroup section */
		2F870D4E1F0E3C8B00CE601A = {
			isa = PBXGroup;
			children = (
				2F870D591F0E3C8B00CE601A /* NSTouchBar Playground */,
				2F870D581F0E3C8B00CE601A /* Products */,
			);
			sourceTree = "<group>";
		};
		2F870D581F0E3C8B00CE601A /* Products */ = {
			isa = PBXGroup;
			children = (
				2F870D571F0E3C8B00CE601A /* NSTouchBar Playground.app */,
			);
			name = Products;
			sourceTree = "<group>";
		};
		2F870D591F0E3C8B00CE601A /* NSTouchBar Playground */ = {
			isa = PBXGroup;
			children = (
				2F870D5A1F0E3C8B00CE601A /* AppDelegate.h */,
				2F870D5B1F0E3C8B00CE601A /* AppDelegate.m */,
				2F870D601F0E3C8B00CE601A /* ViewController.h */,
				2F870D611F0E3C8B00CE601A /* ViewController.m */,
				2F870D731F0E40E800CE601A /* Code Snippet.codesnippet */,
				2F99A25E1F160D19000C1E2D /* NSTouchBar+BRPrivate.h */,
				2F870D6E1F0E3EA300CE601A /* NSCustomTouchBarItem+BRConvenience.h */,
				2F870D6F1F0E3EA300CE601A /* NSCustomTouchBarItem+BRConvenience.m */,
				2F870D631F0E3C8B00CE601A /* Assets.xcassets */,
				2F870D651F0E3C8B00CE601A /* Main.storyboard */,
				2F870D681F0E3C8B00CE601A /* Info.plist */,
				2F870D5D1F0E3C8B00CE601A /* Supporting Files */,
			);
			path = "NSTouchBar Playground";
			sourceTree = "<group>";
		};
		2F870D5D1F0E3C8B00CE601A /* Supporting Files */ = {
			isa = PBXGroup;
			children = (
				2F870D5E1F0E3C8B00CE601A /* main.m */,
			);
			name = "Supporting Files";
			sourceTree = "<group>";
		};
/* End PBXGroup section */

/* Begin PBXNativeTarget section */
		2F870D561F0E3C8B00CE601A /* NSTouchBar Playground */ = {
			isa = PBXNativeTarget;
			buildConfigurationList = 2F870D6B1F0E3C8B00CE601A /* Build configuration list for PBXNativeTarget "NSTouchBar Playground" */;
			buildPhases = (
				2F870D531F0E3C8B00CE601A /* Sources */,
				2F870D541F0E3C8B00CE601A /* Frameworks */,
				2F870D551F0E3C8B00CE601A /* Resources */,
			);
			buildRules = (
			);
			dependencies = (
			);
			name = "NSTouchBar Playground";
			productName = "NSTouchBar Playground";
			productReference = 2F870D571F0E3C8B00CE601A /* NSTouchBar Playground.app */;
			productType = "com.apple.product-type.application";
		};
/* End PBXNativeTarget section */

/* Begin PBXProject section */
		2F870D4F1F0E3C8B00CE601A /* Project object */ = {
			isa = PBXProject;
			attributes = {
				LastUpgradeCheck = 0830;
				ORGANIZATIONNAME = Yang;
				TargetAttributes = {
					2F870D561F0E3C8B00CE601A = {
						CreatedOnToolsVersion = 8.3.3;
						DevelopmentTeam = P447VHQCL3;
						ProvisioningStyle = Automatic;
					};
				};
			};
			buildConfigurationList = 2F870D521F0E3C8B00CE601A /* Build configuration list for PBXProject "NSTouchBar Playground" */;
			compatibilityVersion = "Xcode 3.2";
			developmentRegion = English;
			hasScannedForEncodings = 0;
			knownRegions = (
				en,
				Base,
			);
			mainGroup = 2F870D4E1F0E3C8B00CE601A;
			productRefGroup = 2F870D581F0E3C8B00CE601A /* Products */;
			projectDirPath = "";
			projectRoot = "";
			targets = (
				2F870D561F0E3C8B00CE601A /* NSTouchBar Playground */,
			);
		};
/* End PBXProject section */

/* Begin PBXResourcesBuildPhase section */
		2F870D551F0E3C8B00CE601A /* Resources */ = {
			isa = PBXResourcesBuildPhase;
			buildActionMask = 2147483647;
			files = (
				2F870D741F0E40E800CE601A /* Code Snippet.codesnippet in Resources */,
				2F870D641F0E3C8B00CE601A /* Assets.xcassets in Resources */,
				2F870D671F0E3C8B00CE601A /* Main.storyboard in Resources */,
			);
			runOnlyForDeploymentPostprocessing = 0;
		};
/* End PBXResourcesBuildPhase section */

/* Begin PBXSourcesBuildPhase section */
		2F870D531F0E3C8B00CE601A /* Sources */ = {
			isa = PBXSourcesBuildPhase;
			buildActionMask = 2147483647;
			files = (
				2F870D621F0E3C8B00CE601A /* ViewController.m in Sources */,
				2F870D5F1F0E3C8B00CE601A /* main.m in Sources */,
				2F870D701F0E3EA300CE601A /* NSCustomTouchBarItem+BRConvenience.m in Sources */,
				2F870D5C1F0E3C8B00CE601A /* AppDelegate.m in Sources */,
			);
			runOnlyForDeploymentPostprocessing = 0;
		};
/* End PBXSourcesBuildPhase section */

/* Begin PBXVariantGroup section */
		2F870D651F0E3C8B00CE601A /* Main.storyboard */ = {
			isa = PBXVariantGroup;
			children = (
				2F870D661F0E3C8B00CE601A /* Base */,
			);
			name = Main.storyboard;
			sourceTree = "<group>";
		};
/* End PBXVariantGroup section */

/* Begin XCBuildConfiguration section */
		2F870D691F0E3C8B00CE601A /* Debug */ = {
			isa = XCBuildConfiguration;
			buildSettings = {
				ALWAYS_SEARCH_USER_PATHS = NO;
				CLANG_ANALYZER_NONNULL = YES;
				CLANG_ANALYZER_NUMBER_OBJECT_CONVERSION = YES_AGGRESSIVE;
				CLANG_CXX_LANGUAGE_STANDARD = "gnu++0x";
				CLANG_CXX_LIBRARY = "libc++";
				CLANG_ENABLE_MODULES = YES;
				CLANG_ENABLE_OBJC_ARC = YES;
				CLANG_WARN_BOOL_CONVERSION = YES;
				CLANG_WARN_CONSTANT_CONVERSION = YES;
				CLANG_WARN_DIRECT_OBJC_ISA_USAGE = YES_ERROR;
				CLANG_WARN_DOCUMENTATION_COMMENTS = YES;
				CLANG_WARN_EMPTY_BODY = YES;
				CLANG_WARN_ENUM_CONVERSION = YES;
				CLANG_WARN_INFINITE_RECURSION = YES;
				CLANG_WARN_INT_CONVERSION = YES;
				CLANG_WARN_OBJC_ROOT_CLASS = YES_ERROR;
				CLANG_WARN_SUSPICIOUS_MOVE = YES;
				CLANG_WARN_UNREACHABLE_CODE = YES;
				CLANG_WARN__DUPLICATE_METHOD_MATCH = YES;
				CODE_SIGN_IDENTITY = "-";
				COPY_PHASE_STRIP = NO;
				DEBUG_INFORMATION_FORMAT = dwarf;
				ENABLE_STRICT_OBJC_MSGSEND = YES;
				ENABLE_TESTABILITY = YES;
				GCC_C_LANGUAGE_STANDARD = gnu99;
				GCC_DYNAMIC_NO_PIC = NO;
				GCC_NO_COMMON_BLOCKS = YES;
				GCC_OPTIMIZATION_LEVEL = 0;
				GCC_PREPROCESSOR_DEFINITIONS = (
					"DEBUG=1",
					"$(inherited)",
				);
				GCC_WARN_64_TO_32_BIT_CONVERSION = YES;
				GCC_WARN_ABOUT_RETURN_TYPE = YES_ERROR;
				GCC_WARN_UNDECLARED_SELECTOR = YES;
				GCC_WARN_UNINITIALIZED_AUTOS = YES_AGGRESSIVE;
				GCC_WARN_UNUSED_FUNCTION = YES;
				GCC_WARN_UNUSED_VARIABLE = YES;
				MACOSX_DEPLOYMENT_TARGET = 10.12;
				MTL_ENABLE_DEBUG_INFO = YES;
				ONLY_ACTIVE_ARCH = YES;
				SDKROOT = macosx;
			};
			name = Debug;
		};
		2F870D6A1F0E3C8B00CE601A /* Release */ = {
			isa = XCBuildConfiguration;
			buildSettings = {
				ALWAYS_SEARCH_USER_PATHS = NO;
				CLANG_ANALYZER_NONNULL = YES;
				CLANG_ANALYZER_NUMBER_OBJECT_CONVERSION = YES_AGGRESSIVE;
				CLANG_CXX_LANGUAGE_STANDARD = "gnu++0x";
				CLANG_CXX_LIBRARY = "libc++";
				CLANG_ENABLE_MODULES = YES;
				CLANG_ENABLE_OBJC_ARC = YES;
				CLANG_WARN_BOOL_CONVERSION = YES;
				CLANG_WARN_CONSTANT_CONVERSION = YES;
				CLANG_WARN_DIRECT_OBJC_ISA_USAGE = YES_ERROR;
				CLANG_WARN_DOCUMENTATION_COMMENTS = YES;
				CLANG_WARN_EMPTY_BODY = YES;
				CLANG_WARN_ENUM_CONVERSION = YES;
				CLANG_WARN_INFINITE_RECURSION = YES;
				CLANG_WARN_INT_CONVERSION = YES;
				CLANG_WARN_OBJC_ROOT_CLASS = YES_ERROR;
				CLANG_WARN_SUSPICIOUS_MOVE = YES;
				CLANG_WARN_UNREACHABLE_CODE = YES;
				CLANG_WARN__DUPLICATE_METHOD_MATCH = YES;
				CODE_SIGN_IDENTITY = "-";
				COPY_PHASE_STRIP = NO;
				DEBUG_INFORMATION_FORMAT = "dwarf-with-dsym";
				ENABLE_NS_ASSERTIONS = NO;
				ENABLE_STRICT_OBJC_MSGSEND = YES;
				GCC_C_LANGUAGE_STANDARD = gnu99;
				GCC_NO_COMMON_BLOCKS = YES;
				GCC_WARN_64_TO_32_BIT_CONVERSION = YES;
				GCC_WARN_ABOUT_RETURN_TYPE = YES_ERROR;
				GCC_WARN_UNDECLARED_SELECTOR = YES;
				GCC_WARN_UNINITIALIZED_AUTOS = YES_AGGRESSIVE;
				GCC_WARN_UNUSED_FUNCTION = YES;
				GCC_WARN_UNUSED_VARIABLE = YES;
				MACOSX_DEPLOYMENT_TARGET = 10.12;
				MTL_ENABLE_DEBUG_INFO = NO;
				SDKROOT = macosx;
			};
			name = Release;
		};
		2F870D6C1F0E3C8B00CE601A /* Debug */ = {
			isa = XCBuildConfiguration;
			buildSettings = {
				ASSETCATALOG_COMPILER_APPICON_NAME = AppIcon;
				COMBINE_HIDPI_IMAGES = YES;
				DEVELOPMENT_TEAM = P447VHQCL3;
				INFOPLIST_FILE = "NSTouchBar Playground/Info.plist";
				LD_RUNPATH_SEARCH_PATHS = "$(inherited) @executable_path/../Frameworks";
				PRODUCT_BUNDLE_IDENTIFIER = "com.sgyang.NSTouchBar-Playground";
				PRODUCT_NAME = "$(TARGET_NAME)";
			};
			name = Debug;
		};
		2F870D6D1F0E3C8B00CE601A /* Release */ = {
			isa = XCBuildConfiguration;
			buildSettings = {
				ASSETCATALOG_COMPILER_APPICON_NAME = AppIcon;
				COMBINE_HIDPI_IMAGES = YES;
				DEVELOPMENT_TEAM = P447VHQCL3;
				INFOPLIST_FILE = "NSTouchBar Playground/Info.plist";
				LD_RUNPATH_SEARCH_PATHS = "$(inherited) @executable_path/../Frameworks";
				PRODUCT_BUNDLE_IDENTIFIER = "com.sgyang.NSTouchBar-Playground";
				PRODUCT_NAME = "$(TARGET_NAME)";
			};
			name = Release;
		};
/* End XCBuildConfiguration section */

/* Begin XCConfigurationList section */
		2F870D521F0E3C8B00CE601A /* Build configuration list for PBXProject "NSTouchBar Playground" */ = {
			isa = XCConfigurationList;
			buildConfigurations = (
				2F870D691F0E3C8B00CE601A /* Debug */,
				2F870D6A1F0E3C8B00CE601A /* Release */,
			);
			defaultConfigurationIsVisible = 0;
			defaultConfigurationName = Release;
		};
		2F870D6B1F0E3C8B00CE601A /* Build configuration list for PBXNativeTarget "NSTouchBar Playground" */ = {
			isa = XCConfigurationList;
			buildConfigurations = (
				2F870D6C1F0E3C8B00CE601A /* Debug */,
				2F870D6D1F0E3C8B00CE601A /* Release */,
			);
			defaultConfigurationIsVisible = 0;
			defaultConfigurationName = Release;
		};
/* End XCConfigurationList section */
	};
	rootObject = 2F870D4F1F0E3C8B00CE601A /* Project object */;
}
